
Microsoft Visual Studio Solution File, Format Version 11.00
# Visual Studio 2010
Project("{FAE04EC0-301F-11D3-BF4B-00C04F79EFBC}") = "Khegay.Nsudotnet.LinesCounter", "Khegay.Nsudotnet.LinesCounter.csproj", "{CE01E769-4E96-4044-9244-073E730DEC19}"
EndProject
Global
	GlobalSection(SolutionConfigurationPlatforms) = preSolution
		Debug|x86 = Debug|x86
		Release|x86 = Release|x86
	EndGlobalSection
	GlobalSection(ProjectConfigurationPlatforms) = postSolution
		{CE01E769-4E96-4044-9244-073E730DEC19}.Debug|x86.ActiveCfg = Debug|x86
		{CE01E769-4E96-4044-9244-073E730DEC19}.Debug|x86.Build.0 = Debug|x86
		{CE01E769-4E96-4044-9244-073E730DEC19}.Release|x86.ActiveCfg = Release|x86
		{CE01E769-4E96-4044-9244-073E730DEC19}.Release|x86.Build.0 = Release|x86
	EndGlobalSection
	GlobalSection(SolutionProperties) = preSolution
		HideSolutionNode = FALSE
	EndGlobalSection
EndGlobal
